// !$*UTF8*$!
{
	archiveVersion = 1;
	classes = {
	};
	objectVersion = 46;
	objects = {

/* Begin PBXBuildFile section */
		138545871C0C4F9278A6E210 /* Pods_Flicks.framework in Frameworks */ = {isa = PBXBuildFile; fileRef = 0A3E27EA14985BCF6123CE38 /* Pods_Flicks.framework */; };
		5F3936931C5710DE00B3B022 /* AppDelegate.swift in Sources */ = {isa = PBXBuildFile; fileRef = 5F3936921C5710DE00B3B022 /* AppDelegate.swift */; };
		5F3936981C5710DE00B3B022 /* Main.storyboard in Resources */ = {isa = PBXBuildFile; fileRef = 5F3936961C5710DE00B3B022 /* Main.storyboard */; };
		5F39369A1C5710DE00B3B022 /* Assets.xcassets in Resources */ = {isa = PBXBuildFile; fileRef = 5F3936991C5710DE00B3B022 /* Assets.xcassets */; };
		5F39369D1C5710DE00B3B022 /* LaunchScreen.storyboard in Resources */ = {isa = PBXBuildFile; fileRef = 5F39369B1C5710DE00B3B022 /* LaunchScreen.storyboard */; };
		5F3936A51C57115300B3B022 /* MoviesViewController.swift in Sources */ = {isa = PBXBuildFile; fileRef = 5F3936A41C57115300B3B022 /* MoviesViewController.swift */; };
		5F3936A81C573A1100B3B022 /* MovieCell.swift in Sources */ = {isa = PBXBuildFile; fileRef = 5F3936A71C573A1100B3B022 /* MovieCell.swift */; };
		5F3936CE1C5BCFC900B3B022 /* Mocks.plist in Resources */ = {isa = PBXBuildFile; fileRef = 5F3936CD1C5BCFC900B3B022 /* Mocks.plist */; };
		5F3936D01C5DADC200B3B022 /* Reachability.swift in Sources */ = {isa = PBXBuildFile; fileRef = 5F3936CF1C5DADC200B3B022 /* Reachability.swift */; };
		5F3936D21C5EF21800B3B022 /* DetailViewController.swift in Sources */ = {isa = PBXBuildFile; fileRef = 5F3936D11C5EF21800B3B022 /* DetailViewController.swift */; };
/* End PBXBuildFile section */

/* Begin PBXFileReference section */
		0A3E27EA14985BCF6123CE38 /* Pods_Flicks.framework */ = {isa = PBXFileReference; explicitFileType = wrapper.framework; includeInIndex = 0; path = Pods_Flicks.framework; sourceTree = BUILT_PRODUCTS_DIR; };
		5F39368F1C5710DE00B3B022 /* Flicks.app */ = {isa = PBXFileReference; explicitFileType = wrapper.application; includeInIndex = 0; path = Flicks.app; sourceTree = BUILT_PRODUCTS_DIR; };
		5F3936921C5710DE00B3B022 /* AppDelegate.swift */ = {isa = PBXFileReference; lastKnownFileType = sourcecode.swift; path = AppDelegate.swift; sourceTree = "<group>"; };
		5F3936971C5710DE00B3B022 /* Base */ = {isa = PBXFileReference; lastKnownFileType = file.storyboard; name = Base; path = Base.lproj/Main.storyboard; sourceTree = "<group>"; };
		5F3936991C5710DE00B3B022 /* Assets.xcassets */ = {isa = PBXFileReference; lastKnownFileType = folder.assetcatalog; path = Assets.xcassets; sourceTree = "<group>"; };
		5F39369C1C5710DE00B3B022 /* Base */ = {isa = PBXFileReference; lastKnownFileType = file.storyboard; name = Base; path = Base.lproj/LaunchScreen.storyboard; sourceTree = "<group>"; };
		5F39369E1C5710DE00B3B022 /* Info.plist */ = {isa = PBXFileReference; lastKnownFileType = text.plist.xml; path = Info.plist; sourceTree = "<group>"; };
		5F3936A41C57115300B3B022 /* MoviesViewController.swift */ = {isa = PBXFileReference; fileEncoding = 4; lastKnownFileType = sourcecode.swift; path = MoviesViewController.swift; sourceTree = "<group>"; };
		5F3936A71C573A1100B3B022 /* MovieCell.swift */ = {isa = PBXFileReference; fileEncoding = 4; lastKnownFileType = sourcecode.swift; path = MovieCell.swift; sourceTree = "<group>"; };
		5F3936CD1C5BCFC900B3B022 /* Mocks.plist */ = {isa = PBXFileReference; fileEncoding = 4; lastKnownFileType = text.plist.xml; name = Mocks.plist; path = ../../superMockExample/Example/SuperMock/Mocks.plist; sourceTree = "<group>"; };
		5F3936CF1C5DADC200B3B022 /* Reachability.swift */ = {isa = PBXFileReference; fileEncoding = 4; lastKnownFileType = sourcecode.swift; path = Reachability.swift; sourceTree = "<group>"; };
		5F3936D11C5EF21800B3B022 /* DetailViewController.swift */ = {isa = PBXFileReference; fileEncoding = 4; lastKnownFileType = sourcecode.swift; path = DetailViewController.swift; sourceTree = "<group>"; };
		62A85AAECAEF027FF53D4A82 /* Pods-Flicks.release.xcconfig */ = {isa = PBXFileReference; includeInIndex = 1; lastKnownFileType = text.xcconfig; name = "Pods-Flicks.release.xcconfig"; path = "Pods/Target Support Files/Pods-Flicks/Pods-Flicks.release.xcconfig"; sourceTree = "<group>"; };
		986AFF76DBB0F0D378CF9169 /* Pods-Flicks.debug.xcconfig */ = {isa = PBXFileReference; includeInIndex = 1; lastKnownFileType = text.xcconfig; name = "Pods-Flicks.debug.xcconfig"; path = "Pods/Target Support Files/Pods-Flicks/Pods-Flicks.debug.xcconfig"; sourceTree = "<group>"; };
/* End PBXFileReference section */

/* Begin PBXFrameworksBuildPhase section */
		5F39368C1C5710DE00B3B022 /* Frameworks */ = {
			isa = PBXFrameworksBuildPhase;
			buildActionMask = 2147483647;
			files = (
				138545871C0C4F9278A6E210 /* Pods_Flicks.framework in Frameworks */,
			);
			runOnlyForDeploymentPostprocessing = 0;
		};
/* End PBXFrameworksBuildPhase section */

/* Begin PBXGroup section */
		3F2A300E14343FEA2B195FF6 /* Frameworks */ = {
			isa = PBXGroup;
			children = (
				0A3E27EA14985BCF6123CE38 /* Pods_Flicks.framework */,
			);
			name = Frameworks;
			sourceTree = "<group>";
		};
		5F3936861C5710DE00B3B022 = {
			isa = PBXGroup;
			children = (
				5F3936911C5710DE00B3B022 /* Flicks */,
				5F3936901C5710DE00B3B022 /* Products */,
				BCFE4378ADBCFD355326D847 /* Pods */,
				3F2A300E14343FEA2B195FF6 /* Frameworks */,
			);
			sourceTree = "<group>";
		};
		5F3936901C5710DE00B3B022 /* Products */ = {
			isa = PBXGroup;
			children = (
				5F39368F1C5710DE00B3B022 /* Flicks.app */,
			);
			name = Products;
			sourceTree = "<group>";
		};
		5F3936911C5710DE00B3B022 /* Flicks */ = {
			isa = PBXGroup;
			children = (
				5F3936A91C573A1900B3B022 /* view controllers */,
				5F3936A61C5739EF00B3B022 /* Views */,
				5F3936921C5710DE00B3B022 /* AppDelegate.swift */,
				5F3936961C5710DE00B3B022 /* Main.storyboard */,
				5F3936CD1C5BCFC900B3B022 /* Mocks.plist */,
				5F3936991C5710DE00B3B022 /* Assets.xcassets */,
				5F39369B1C5710DE00B3B022 /* LaunchScreen.storyboard */,
				5F39369E1C5710DE00B3B022 /* Info.plist */,
				5F3936CF1C5DADC200B3B022 /* Reachability.swift */,
			);
			path = Flicks;
			sourceTree = "<group>";
		};
		5F3936A61C5739EF00B3B022 /* Views */ = {
			isa = PBXGroup;
			children = (
				5F3936A71C573A1100B3B022 /* MovieCell.swift */,
			);
			name = Views;
			sourceTree = "<group>";
		};
		5F3936A91C573A1900B3B022 /* view controllers */ = {
			isa = PBXGroup;
			children = (
				5F3936A41C57115300B3B022 /* MoviesViewController.swift */,
				5F3936D11C5EF21800B3B022 /* DetailViewController.swift */,
			);
			name = "view controllers";
			sourceTree = "<group>";
		};
		BCFE4378ADBCFD355326D847 /* Pods */ = {
			isa = PBXGroup;
			children = (
				986AFF76DBB0F0D378CF9169 /* Pods-Flicks.debug.xcconfig */,
				62A85AAECAEF027FF53D4A82 /* Pods-Flicks.release.xcconfig */,
			);
			name = Pods;
			sourceTree = "<group>";
		};
/* End PBXGroup section */

/* Begin PBXNativeTarget section */
		5F39368E1C5710DE00B3B022 /* Flicks */ = {
			isa = PBXNativeTarget;
			buildConfigurationList = 5F3936A11C5710DE00B3B022 /* Build configuration list for PBXNativeTarget "Flicks" */;
			buildPhases = (
				4A16A50B97C80EF7EE7B7609 /* Check Pods Manifest.lock */,
				5F39368B1C5710DE00B3B022 /* Sources */,
				5F39368C1C5710DE00B3B022 /* Frameworks */,
				5F39368D1C5710DE00B3B022 /* Resources */,
				39A71631C24FF0AC57958D24 /* Embed Pods Frameworks */,
				D69E2951ED50762203D6BBFD /* Copy Pods Resources */,
			);
			buildRules = (
			);
			dependencies = (
			);
			name = Flicks;
			productName = Flicks;
			productReference = 5F39368F1C5710DE00B3B022 /* Flicks.app */;
			productType = "com.apple.product-type.application";
		};
/* End PBXNativeTarget section */

/* Begin PBXProject section */
		5F3936871C5710DE00B3B022 /* Project object */ = {
			isa = PBXProject;
			attributes = {
				LastSwiftUpdateCheck = 0720;
				LastUpgradeCheck = 0720;
				ORGANIZATIONNAME = "Esteban Solis";
				TargetAttributes = {
					5F39368E1C5710DE00B3B022 = {
						CreatedOnToolsVersion = 7.2;
						DevelopmentTeam = 2Y5276U3HZ;
					};
				};
			};
			buildConfigurationList = 5F39368A1C5710DE00B3B022 /* Build configuration list for PBXProject "Flicks" */;
			compatibilityVersion = "Xcode 3.2";
			developmentRegion = English;
			hasScannedForEncodings = 0;
			knownRegions = (
				en,
				Base,
			);
			mainGroup = 5F3936861C5710DE00B3B022;
			productRefGroup = 5F3936901C5710DE00B3B022 /* Products */;
			projectDirPath = "";
			projectRoot = "";
			targets = (
				5F39368E1C5710DE00B3B022 /* Flicks */,
			);
		};
/* End PBXProject section */

/* Begin PBXResourcesBuildPhase section */
		5F39368D1C5710DE00B3B022 /* Resources */ = {
			isa = PBXResourcesBuildPhase;
			buildActionMask = 2147483647;
			files = (
				5F39369D1C5710DE00B3B022 /* LaunchScreen.storyboard in Resources */,
				5F39369A1C5710DE00B3B022 /* Assets.xcassets in Resources */,
				5F3936CE1C5BCFC900B3B022 /* Mocks.plist in Resources */,
				5F3936981C5710DE00B3B022 /* Main.storyboard in Resources */,
			);
			runOnlyForDeploymentPostprocessing = 0;
		};
/* End PBXResourcesBuildPhase section */

/* Begin PBXShellScriptBuildPhase section */
		39A71631C24FF0AC57958D24 /* Embed Pods Frameworks */ = {
			isa = PBXShellScriptBuildPhase;
			buildActionMask = 2147483647;
			files = (
			);
			inputPaths = (
			);
			name = "Embed Pods Frameworks";
			outputPaths = (
			);
			runOnlyForDeploymentPostprocessing = 0;
			shellPath = /bin/sh;
			shellScript = "\"${SRCROOT}/Pods/Target Support Files/Pods-Flicks/Pods-Flicks-frameworks.sh\"\n";
			showEnvVarsInLog = 0;
		};
		4A16A50B97C80EF7EE7B7609 /* Check Pods Manifest.lock */ = {
			isa = PBXShellScriptBuildPhase;
			buildActionMask = 2147483647;
			files = (
			);
			inputPaths = (
			);
			name = "Check Pods Manifest.lock";
			outputPaths = (
			);
			runOnlyForDeploymentPostprocessing = 0;
			shellPath = /bin/sh;
			shellScript = "diff \"${PODS_ROOT}/../Podfile.lock\" \"${PODS_ROOT}/Manifest.lock\" > /dev/null\nif [[ $? != 0 ]] ; then\n    cat << EOM\nerror: The sandbox is not in sync with the Podfile.lock. Run 'pod install' or update your CocoaPods installation.\nEOM\n    exit 1\nfi\n";
			showEnvVarsInLog = 0;
		};
		D69E2951ED50762203D6BBFD /* Copy Pods Resources */ = {
			isa = PBXShellScriptBuildPhase;
			buildActionMask = 2147483647;
			files = (
			);
			inputPaths = (
			);
			name = "Copy Pods Resources";
			outputPaths = (
			);
			runOnlyForDeploymentPostprocessing = 0;
			shellPath = /bin/sh;
			shellScript = "\"${SRCROOT}/Pods/Target Support Files/Pods-Flicks/Pods-Flicks-resources.sh\"\n";
			showEnvVarsInLog = 0;
		};
/* End PBXShellScriptBuildPhase section */

/* Begin PBXSourcesBuildPhase section */
		5F39368B1C5710DE00B3B022 /* Sources */ = {
			isa = PBXSourcesBuildPhase;
			buildActionMask = 2147483647;
			files = (
				5F3936931C5710DE00B3B022 /* AppDelegate.swift in Sources */,
				5F3936A51C57115300B3B022 /* MoviesViewController.swift in Sources */,
				5F3936D21C5EF21800B3B022 /* DetailViewController.swift in Sources */,
				5F3936D01C5DADC200B3B022 /* Reachability.swift in Sources */,
				5F3936A81C573A1100B3B022 /* MovieCell.swift in Sources */,
			);
			runOnlyForDeploymentPostprocessing = 0;
		};
/* End PBXSourcesBuildPhase section */

/* Begin PBXVariantGroup section */
		5F3936961C5710DE00B3B022 /* Main.storyboard */ = {
			isa = PBXVariantGroup;
			children = (
				5F3936971C5710DE00B3B022 /* Base */,
			);
			name = Main.storyboard;
			sourceTree = "<group>";
		};
		5F39369B1C5710DE00B3B022 /* LaunchScreen.storyboard */ = {
			isa = PBXVariantGroup;
			children = (
				5F39369C1C5710DE00B3B022 /* Base */,
			);
			name = LaunchScreen.storyboard;
			sourceTree = "<group>";
		};
/* End PBXVariantGroup section */

/* Begin XCBuildConfiguration section */
		5F39369F1C5710DE00B3B022 /* Debug */ = {
			isa = XCBuildConfiguration;
			buildSettings = {
				ALWAYS_SEARCH_USER_PATHS = NO;
				CLANG_CXX_LANGUAGE_STANDARD = "gnu++0x";
				CLANG_CXX_LIBRARY = "libc++";
				CLANG_ENABLE_MODULES = YES;
				CLANG_ENABLE_OBJC_ARC = YES;
				CLANG_WARN_BOOL_CONVERSION = YES;
				CLANG_WARN_CONSTANT_CONVERSION = YES;
				CLANG_WARN_DIRECT_OBJC_ISA_USAGE = YES_ERROR;
				CLANG_WARN_EMPTY_BODY = YES;
				CLANG_WARN_ENUM_CONVERSION = YES;
				CLANG_WARN_INT_CONVERSION = YES;
				CLANG_WARN_OBJC_ROOT_CLASS = YES_ERROR;
				CLANG_WARN_UNREACHABLE_CODE = YES;
				CLANG_WARN__DUPLICATE_METHOD_MATCH = YES;
				"CODE_SIGN_IDENTITY[sdk=iphoneos*]" = "iPhone Developer";
				COPY_PHASE_STRIP = NO;
				DEBUG_INFORMATION_FORMAT = dwarf;
				ENABLE_STRICT_OBJC_MSGSEND = YES;
				ENABLE_TESTABILITY = YES;
				GCC_C_LANGUAGE_STANDARD = gnu99;
				GCC_DYNAMIC_NO_PIC = NO;
				GCC_NO_COMMON_BLOCKS = YES;
				GCC_OPTIMIZATION_LEVEL = 0;
				GCC_PREPROCESSOR_DEFINITIONS = (
					"DEBUG=1",
					"$(inherited)",
				);
				GCC_WARN_64_TO_32_BIT_CONVERSION = YES;
				GCC_WARN_ABOUT_RETURN_TYPE = YES_ERROR;
				GCC_WARN_UNDECLARED_SELECTOR = YES;
				GCC_WARN_UNINITIALIZED_AUTOS = YES_AGGRESSIVE;
				GCC_WARN_UNUSED_FUNCTION = YES;
				GCC_WARN_UNUSED_VARIABLE = YES;
				IPHONEOS_DEPLOYMENT_TARGET = 9.2;
				MTL_ENABLE_DEBUG_INFO = YES;
				ONLY_ACTIVE_ARCH = YES;
				SDKROOT = iphoneos;
				SWIFT_OPTIMIZATION_LEVEL = "-Onone";
			};
			name = Debug;
		};
		5F3936A01C5710DE00B3B022 /* Release */ = {
			isa = XCBuildConfiguration;
			buildSettings = {
				ALWAYS_SEARCH_USER_PATHS = NO;
				CLANG_CXX_LANGUAGE_STANDARD = "gnu++0x";
				CLANG_CXX_LIBRARY = "libc++";
				CLANG_ENABLE_MODULES = YES;
				CLANG_ENABLE_OBJC_ARC = YES;
				CLANG_WARN_BOOL_CONVERSION = YES;
				CLANG_WARN_CONSTANT_CONVERSION = YES;
				CLANG_WARN_DIRECT_OBJC_ISA_USAGE = YES_ERROR;
				CLANG_WARN_EMPTY_BODY = YES;
				CLANG_WARN_ENUM_CONVERSION = YES;
				CLANG_WARN_INT_CONVERSION = YES;
				CLANG_WARN_OBJC_ROOT_CLASS = YES_ERROR;
				CLANG_WARN_UNREACHABLE_CODE = YES;
				CLANG_WARN__DUPLICATE_METHOD_MATCH = YES;
				"CODE_SIGN_IDENTITY[sdk=iphoneos*]" = "iPhone Developer";
				COPY_PHASE_STRIP = NO;
				DEBUG_INFORMATION_FORMAT = "dwarf-with-dsym";
				ENABLE_NS_ASSERTIONS = NO;
				ENABLE_STRICT_OBJC_MSGSEND = YES;
				GCC_C_LANGUAGE_STANDARD = gnu99;
				GCC_NO_COMMON_BLOCKS = YES;
				GCC_WARN_64_TO_32_BIT_CONVERSION = YES;
				GCC_WARN_ABOUT_RETURN_TYPE = YES_ERROR;
				GCC_WARN_UNDECLARED_SELECTOR = YES;
				GCC_WARN_UNINITIALIZED_AUTOS = YES_AGGRESSIVE;
				GCC_WARN_UNUSED_FUNCTION = YES;
				GCC_WARN_UNUSED_VARIABLE = YES;
				IPHONEOS_DEPLOYMENT_TARGET = 9.2;
				MTL_ENABLE_DEBUG_INFO = NO;
				SDKROOT = iphoneos;
				VALIDATE_PRODUCT = YES;
			};
			name = Release;
		};
		5F3936A21C5710DE00B3B022 /* Debug */ = {
			isa = XCBuildConfiguration;
			baseConfigurationReference = 986AFF76DBB0F0D378CF9169 /* Pods-Flicks.debug.xcconfig */;
			buildSettings = {
				ASSETCATALOG_COMPILER_APPICON_NAME = AppIcon;
				INFOPLIST_FILE = Flicks/Info.plist;
				LD_RUNPATH_SEARCH_PATHS = "$(inherited) @executable_path/Frameworks";
				PRODUCT_BUNDLE_IDENTIFIER = com.estebansolis.Flicks;
				PRODUCT_NAME = "$(TARGET_NAME)";
			};
			name = Debug;
		};
		5F3936A31C5710DE00B3B022 /* Release */ = {
			isa = XCBuildConfiguration;
			baseConfigurationReference = 62A85AAECAEF027FF53D4A82 /* Pods-Flicks.release.xcconfig */;
			buildSettings = {
				ASSETCATALOG_COMPILER_APPICON_NAME = AppIcon;
				INFOPLIST_FILE = Flicks/Info.plist;
				LD_RUNPATH_SEARCH_PATHS = "$(inherited) @executable_path/Frameworks";
				PRODUCT_BUNDLE_IDENTIFIER = com.estebansolis.Flicks;
				PRODUCT_NAME = "$(TARGET_NAME)";
			};
			name = Release;
		};
/* End XCBuildConfiguration section */

/* Begin XCConfigurationList section */
		5F39368A1C5710DE00B3B022 /* Build configuration list for PBXProject "Flicks" */ = {
			isa = XCConfigurationList;
			buildConfigurations = (
				5F39369F1C5710DE00B3B022 /* Debug */,
				5F3936A01C5710DE00B3B022 /* Release */,
			);
			defaultConfigurationIsVisible = 0;
			defaultConfigurationName = Release;
		};
		5F3936A11C5710DE00B3B022 /* Build configuration list for PBXNativeTarget "Flicks" */ = {
			isa = XCConfigurationList;
			buildConfigurations = (
				5F3936A21C5710DE00B3B022 /* Debug */,
				5F3936A31C5710DE00B3B022 /* Release */,
			);
			defaultConfigurationIsVisible = 0;
			defaultConfigurationName = Release;
		};
/* End XCConfigurationList section */
	};
	rootObject = 5F3936871C5710DE00B3B022 /* Project object */;
}
